// !$*UTF8*$!
{
	archiveVersion = 1;
	classes = {
	};
	objectVersion = 46;
	objects = {

/* Begin PBXBuildFile section */
		370590D71C8F72860028AA69 /* AppDelegate.swift in Sources */ = {isa = PBXBuildFile; fileRef = 370590D61C8F72860028AA69 /* AppDelegate.swift */; };
		370590D91C8F72860028AA69 /* ViewController.swift in Sources */ = {isa = PBXBuildFile; fileRef = 370590D81C8F72860028AA69 /* ViewController.swift */; };
		370590DC1C8F72860028AA69 /* Main.storyboard in Resources */ = {isa = PBXBuildFile; fileRef = 370590DA1C8F72860028AA69 /* Main.storyboard */; };
		370590DE1C8F72860028AA69 /* Assets.xcassets in Resources */ = {isa = PBXBuildFile; fileRef = 370590DD1C8F72860028AA69 /* Assets.xcassets */; };
		370590E11C8F72860028AA69 /* LaunchScreen.storyboard in Resources */ = {isa = PBXBuildFile; fileRef = 370590DF1C8F72860028AA69 /* LaunchScreen.storyboard */; };
/* End PBXBuildFile section */

/* Begin PBXFileReference section */
		370590D31C8F72860028AA69 /* DPUK Swift.app */ = {isa = PBXFileReference; explicitFileType = wrapper.application; includeInIndex = 0; path = "DPUK Swift.app"; sourceTree = BUILT_PRODUCTS_DIR; };
		370590D61C8F72860028AA69 /* AppDelegate.swift */ = {isa = PBXFileReference; lastKnownFileType = sourcecode.swift; path = AppDelegate.swift; sourceTree = "<group>"; };
		370590D81C8F72860028AA69 /* ViewController.swift */ = {isa = PBXFileReference; lastKnownFileType = sourcecode.swift; path = ViewController.swift; sourceTree = "<group>"; };
		370590DB1C8F72860028AA69 /* Base */ = {isa = PBXFileReference; lastKnownFileType = file.storyboard; name = Base; path = Base.lproj/Main.storyboard; sourceTree = "<group>"; };
		370590DD1C8F72860028AA69 /* Assets.xcassets */ = {isa = PBXFileReference; lastKnownFileType = folder.assetcatalog; path = Assets.xcassets; sourceTree = "<group>"; };
		370590E01C8F72860028AA69 /* Base */ = {isa = PBXFileReference; lastKnownFileType = file.storyboard; name = Base; path = Base.lproj/LaunchScreen.storyboard; sourceTree = "<group>"; };
		370590E21C8F72860028AA69 /* Info.plist */ = {isa = PBXFileReference; lastKnownFileType = text.plist.xml; path = Info.plist; sourceTree = "<group>"; };
/* End PBXFileReference section */

/* Begin PBXFrameworksBuildPhase section */
		370590D01C8F72860028AA69 /* Frameworks */ = {
			isa = PBXFrameworksBuildPhase;
			buildActionMask = 2147483647;
			files = (
			);
			runOnlyForDeploymentPostprocessing = 0;
		};
/* End PBXFrameworksBuildPhase section */

/* Begin PBXGroup section */
		370590CA1C8F72860028AA69 = {
			isa = PBXGroup;
			children = (
				370590D51C8F72860028AA69 /* DPUK Swift */,
				370590D41C8F72860028AA69 /* Products */,
			);
			sourceTree = "<group>";
		};
		370590D41C8F72860028AA69 /* Products */ = {
			isa = PBXGroup;
			children = (
				370590D31C8F72860028AA69 /* DPUK Swift.app */,
			);
			name = Products;
			sourceTree = "<group>";
		};
		370590D51C8F72860028AA69 /* DPUK Swift */ = {
			isa = PBXGroup;
			children = (
				370590D61C8F72860028AA69 /* AppDelegate.swift */,
				370590D81C8F72860028AA69 /* ViewController.swift */,
				370590DA1C8F72860028AA69 /* Main.storyboard */,
				370590DD1C8F72860028AA69 /* Assets.xcassets */,
				370590DF1C8F72860028AA69 /* LaunchScreen.storyboard */,
				370590E21C8F72860028AA69 /* Info.plist */,
			);
			path = "DPUK Swift";
			sourceTree = "<group>";
		};
/* End PBXGroup section */

/* Begin PBXNativeTarget section */
		370590D21C8F72860028AA69 /* DPUK Swift */ = {
			isa = PBXNativeTarget;
			buildConfigurationList = 370590E51C8F72860028AA69 /* Build configuration list for PBXNativeTarget "DPUK Swift" */;
			buildPhases = (
				370590CF1C8F72860028AA69 /* Sources */,
				370590D01C8F72860028AA69 /* Frameworks */,
				370590D11C8F72860028AA69 /* Resources */,
			);
			buildRules = (
			);
			dependencies = (
			);
			name = "DPUK Swift";
			productName = "DPUK Swift";
			productReference = 370590D31C8F72860028AA69 /* DPUK Swift.app */;
			productType = "com.apple.product-type.application";
		};
/* End PBXNativeTarget section */

/* Begin PBXProject section */
		370590CB1C8F72860028AA69 /* Project object */ = {
			isa = PBXProject;
			attributes = {
				LastSwiftUpdateCheck = 0720;
				LastUpgradeCheck = 0720;
				ORGANIZATIONNAME = Dan;
				TargetAttributes = {
					370590D21C8F72860028AA69 = {
						CreatedOnToolsVersion = 7.2.1;
						DevelopmentTeam = W455DB4NSQ;
					};
				};
			};
			buildConfigurationList = 370590CE1C8F72860028AA69 /* Build configuration list for PBXProject "DPUK Swift" */;
			compatibilityVersion = "Xcode 3.2";
			developmentRegion = English;
			hasScannedForEncodings = 0;
			knownRegions = (
				en,
				Base,
			);
			mainGroup = 370590CA1C8F72860028AA69;
			productRefGroup = 370590D41C8F72860028AA69 /* Products */;
			projectDirPath = "";
			projectRoot = "";
			targets = (
				370590D21C8F72860028AA69 /* DPUK Swift */,
			);
		};
/* End PBXProject section */

/* Begin PBXResourcesBuildPhase section */
		370590D11C8F72860028AA69 /* Resources */ = {
			isa = PBXResourcesBuildPhase;
			buildActionMask = 2147483647;
			files = (
				370590E11C8F72860028AA69 /* LaunchScreen.storyboard in Resources */,
				370590DE1C8F72860028AA69 /* Assets.xcassets in Resources */,
				370590DC1C8F72860028AA69 /* Main.storyboard in Resources */,
			);
			runOnlyForDeploymentPostprocessing = 0;
		};
/* End PBXResourcesBuildPhase section */

/* Begin PBXSourcesBuildPhase section */
		370590CF1C8F72860028AA69 /* Sources */ = {
			isa = PBXSourcesBuildPhase;
			buildActionMask = 2147483647;
			files = (
				370590D91C8F72860028AA69 /* ViewController.swift in Sources */,
				370590D71C8F72860028AA69 /* AppDelegate.swift in Sources */,
			);
			runOnlyForDeploymentPostprocessing = 0;
		};
/* End PBXSourcesBuildPhase section */

/* Begin PBXVariantGroup section */
		370590DA1C8F72860028AA69 /* Main.storyboard */ = {
			isa = PBXVariantGroup;
			children = (
				370590DB1C8F72860028AA69 /* Base */,
			);
			name = Main.storyboard;
			sourceTree = "<group>";
		};
		370590DF1C8F72860028AA69 /* LaunchScreen.storyboard */ = {
			isa = PBXVariantGroup;
			children = (
				370590E01C8F72860028AA69 /* Base */,
			);
			name = LaunchScreen.storyboard;
			sourceTree = "<group>";
		};
/* End PBXVariantGroup section */

/* Begin XCBuildConfiguration section */
		370590E31C8F72860028AA69 /* Debug */ = {
			isa = XCBuildConfiguration;
			buildSettings = {
				ALWAYS_SEARCH_USER_PATHS = NO;
				CLANG_CXX_LANGUAGE_STANDARD = "gnu++0x";
				CLANG_CXX_LIBRARY = "libc++";
				CLANG_ENABLE_MODULES = YES;
				CLANG_ENABLE_OBJC_ARC = YES;
				CLANG_WARN_BOOL_CONVERSION = YES;
				CLANG_WARN_CONSTANT_CONVERSION = YES;
				CLANG_WARN_DIRECT_OBJC_ISA_USAGE = YES_ERROR;
				CLANG_WARN_EMPTY_BODY = YES;
				CLANG_WARN_ENUM_CONVERSION = YES;
				CLANG_WARN_INT_CONVERSION = YES;
				CLANG_WARN_OBJC_ROOT_CLASS = YES_ERROR;
				CLANG_WARN_UNREACHABLE_CODE = YES;
				CLANG_WARN__DUPLICATE_METHOD_MATCH = YES;
				"CODE_SIGN_IDENTITY[sdk=iphoneos*]" = "iPhone Developer";
				COPY_PHASE_STRIP = NO;
				DEBUG_INFORMATION_FORMAT = dwarf;
				ENABLE_STRICT_OBJC_MSGSEND = YES;
				ENABLE_TESTABILITY = YES;
				GCC_C_LANGUAGE_STANDARD = gnu99;
				GCC_DYNAMIC_NO_PIC = NO;
				GCC_NO_COMMON_BLOCKS = YES;
				GCC_OPTIMIZATION_LEVEL = 0;
				GCC_PREPROCESSOR_DEFINITIONS = (
					"DEBUG=1",
					"$(inherited)",
				);
				GCC_WARN_64_TO_32_BIT_CONVERSION = YES;
				GCC_WARN_ABOUT_RETURN_TYPE = YES_ERROR;
				GCC_WARN_UNDECLARED_SELECTOR = YES;
				GCC_WARN_UNINITIALIZED_AUTOS = YES_AGGRESSIVE;
				GCC_WARN_UNUSED_FUNCTION = YES;
				GCC_WARN_UNUSED_VARIABLE = YES;
				IPHONEOS_DEPLOYMENT_TARGET = 9.2;
				MTL_ENABLE_DEBUG_INFO = YES;
				ONLY_ACTIVE_ARCH = YES;
				SDKROOT = iphoneos;
				SWIFT_OPTIMIZATION_LEVEL = "-Onone";
			};
			name = Debug;
		};
		370590E41C8F72860028AA69 /* Release */ = {
			isa = XCBuildConfiguration;
			buildSettings = {
				ALWAYS_SEARCH_USER_PATHS = NO;
				CLANG_CXX_LANGUAGE_STANDARD = "gnu++0x";
				CLANG_CXX_LIBRARY = "libc++";
				CLANG_ENABLE_MODULES = YES;
				CLANG_ENABLE_OBJC_ARC = YES;
				CLANG_WARN_BOOL_CONVERSION = YES;
				CLANG_WARN_CONSTANT_CONVERSION = YES;
				CLANG_WARN_DIRECT_OBJC_ISA_USAGE = YES_ERROR;
				CLANG_WARN_EMPTY_BODY = YES;
				CLANG_WARN_ENUM_CONVERSION = YES;
				CLANG_WARN_INT_CONVERSION = YES;
				CLANG_WARN_OBJC_ROOT_CLASS = YES_ERROR;
				CLANG_WARN_UNREACHABLE_CODE = YES;
				CLANG_WARN__DUPLICATE_METHOD_MATCH = YES;
				"CODE_SIGN_IDENTITY[sdk=iphoneos*]" = "iPhone Developer";
				COPY_PHASE_STRIP = NO;
				DEBUG_INFORMATION_FORMAT = "dwarf-with-dsym";
				ENABLE_NS_ASSERTIONS = NO;
				ENABLE_STRICT_OBJC_MSGSEND = YES;
				GCC_C_LANGUAGE_STANDARD = gnu99;
				GCC_NO_COMMON_BLOCKS = YES;
				GCC_WARN_64_TO_32_BIT_CONVERSION = YES;
				GCC_WARN_ABOUT_RETURN_TYPE = YES_ERROR;
				GCC_WARN_UNDECLARED_SELECTOR = YES;
				GCC_WARN_UNINITIALIZED_AUTOS = YES_AGGRESSIVE;
				GCC_WARN_UNUSED_FUNCTION = YES;
				GCC_WARN_UNUSED_VARIABLE = YES;
				IPHONEOS_DEPLOYMENT_TARGET = 9.2;
				MTL_ENABLE_DEBUG_INFO = NO;
				SDKROOT = iphoneos;
				VALIDATE_PRODUCT = YES;
			};
			name = Release;
		};
		370590E61C8F72860028AA69 /* Debug */ = {
			isa = XCBuildConfiguration;
			buildSettings = {
				ASSETCATALOG_COMPILER_APPICON_NAME = AppIcon;
				INFOPLIST_FILE = "DPUK Swift/Info.plist";
				LD_RUNPATH_SEARCH_PATHS = "$(inherited) @executable_path/Frameworks";
				PRODUCT_BUNDLE_IDENTIFIER = "com.pleinmont.DPUK-Swift";
				PRODUCT_NAME = "$(TARGET_NAME)";
			};
			name = Debug;
		};
		370590E71C8F72860028AA69 /* Release */ = {
			isa = XCBuildConfiguration;
			buildSettings = {
				ASSETCATALOG_COMPILER_APPICON_NAME = AppIcon;
				INFOPLIST_FILE = "DPUK Swift/Info.plist";
				LD_RUNPATH_SEARCH_PATHS = "$(inherited) @executable_path/Frameworks";
				PRODUCT_BUNDLE_IDENTIFIER = "com.pleinmont.DPUK-Swift";
				PRODUCT_NAME = "$(TARGET_NAME)";
			};
			name = Release;
		};
/* End XCBuildConfiguration section */

/* Begin XCConfigurationList section */
		370590CE1C8F72860028AA69 /* Build configuration list for PBXProject "DPUK Swift" */ = {
			isa = XCConfigurationList;
			buildConfigurations = (
				370590E31C8F72860028AA69 /* Debug */,
				370590E41C8F72860028AA69 /* Release */,
			);
			defaultConfigurationIsVisible = 0;
			defaultConfigurationName = Release;
		};
		370590E51C8F72860028AA69 /* Build configuration list for PBXNativeTarget "DPUK Swift" */ = {
			isa = XCConfigurationList;
			buildConfigurations = (
				370590E61C8F72860028AA69 /* Debug */,
				370590E71C8F72860028AA69 /* Release */,
			);
			defaultConfigurationIsVisible = 0;
		};
/* End XCConfigurationList section */
	};
	rootObject = 370590CB1C8F72860028AA69 /* Project object */;
}
